
Microsoft Visual Studio Solution File, Format Version 12.00
# Visual Studio Version 17
VisualStudioVersion = 17.10.34916.146
MinimumVisualStudioVersion = 10.0.40219.1
Project("{C9674DCB-5085-4A16-B785-4C70DD1589BD}") = "Integration Services Project1", "Integration Services Project1.dtproj", "{ED9A56F8-6564-425B-A389-477BC330FA15}"
EndProject
Global
	GlobalSection(SolutionConfigurationPlatforms) = preSolution
		Development|Default = Development|Default
	EndGlobalSection
	GlobalSection(ProjectConfigurationPlatforms) = postSolution
		{ED9A56F8-6564-425B-A389-477BC330FA15}.Development|Default.ActiveCfg = Development
		{ED9A56F8-6564-425B-A389-477BC330FA15}.Development|Default.Build.0 = Development
	EndGlobalSection
	GlobalSection(SolutionProperties) = preSolution
		HideSolutionNode = FALSE
	EndGlobalSection
	GlobalSection(ExtensibilityGlobals) = postSolution
		SolutionGuid = {627313B0-CE09-4E7A-A03A-882A4EDCBBE0}
	EndGlobalSection
EndGlobal
